{
  "object": {
    "pins": [
      {
        "package": "JGProgressHUD",
        "repositoryURL": "https://github.com/JonasGessner/JGProgressHUD.git",
        "state": {
          "branch": null,
          "revision": "08d130dd614a743f813286f096804c43a6ffa3f6",
          "version": "2.1.0"
        }
      },
      {
        "package": "SDWebImage",
        "repositoryURL": "https://github.com/SDWebImage/SDWebImage.git",
        "state": {
          "branch": null,
          "revision": "7adc385b7d9aa758fb5073bcea478f31293c4e40",
          "version": "5.3.1"
        }
      },
      {
        "package": "VehicleViewerCore",
        "repositoryURL": "https://github.com/Frunza/VehicleViewerCore",
        "state": {
          "branch": null,
          "revision": "0c1b9d75e9be507d6e2aac5af94f79ea130e39f6",
          "version": "0.0.5"
        }
      },
      {
        "package": "VehicleViewerMapView",
        "repositoryURL": "https://github.com/Frunza/VehicleViewerMapView",
        "state": {
          "branch": null,
          "revision": "a9d8d9e6e8895ca53426740fd6c25eec5df0bfa8",
          "version": "0.0.2"
        }
      }
    ]
  },
  "version": 1
}
